
Microsoft Visual Studio Solution File, Format Version 12.00
# Visual Studio Version 16
VisualStudioVersion = 16.0.30611.23
MinimumVisualStudioVersion = 10.0.40219.1
Project("{FAE04EC0-301F-11D3-BF4B-00C04F79EFBC}") = "Boxing_Nullable_Var_Dynamic[A]", "Boxing_Nullable_Var_Dynamic[A]\Boxing_Nullable_Var_Dynamic[A].csproj", "{7EE7AAF2-5E10-4CBD-81E0-17042A831CC1}"
EndProject
Global
	GlobalSection(SolutionConfigurationPlatforms) = preSolution
		Debug|Any CPU = Debug|Any CPU
		Release|Any CPU = Release|Any CPU
	EndGlobalSection
	GlobalSection(ProjectConfigurationPlatforms) = postSolution
		{7EE7AAF2-5E10-4CBD-81E0-17042A831CC1}.Debug|Any CPU.ActiveCfg = Debug|Any CPU
		{7EE7AAF2-5E10-4CBD-81E0-17042A831CC1}.Debug|Any CPU.Build.0 = Debug|Any CPU
		{7EE7AAF2-5E10-4CBD-81E0-17042A831CC1}.Release|Any CPU.ActiveCfg = Release|Any CPU
		{7EE7AAF2-5E10-4CBD-81E0-17042A831CC1}.Release|Any CPU.Build.0 = Release|Any CPU
	EndGlobalSection
	GlobalSection(SolutionProperties) = preSolution
		HideSolutionNode = FALSE
	EndGlobalSection
	GlobalSection(ExtensibilityGlobals) = postSolution
		SolutionGuid = {74BF529D-0C44-4403-844E-787532C54A98}
	EndGlobalSection
EndGlobal
